
Microsoft Visual Studio Solution File, Format Version 12.00
# Visual Studio Version 17
VisualStudioVersion = 17.0.32112.339
MinimumVisualStudioVersion = 10.0.40219.1
Project("{FAE04EC0-301F-11D3-BF4B-00C04F79EFBC}") = "ToDoAPI.API", "ToDoAPI.API\ToDoAPI.API.csproj", "{C0388D9D-7EA5-4AC5-B909-D87FC587ED23}"
EndProject
Project("{FAE04EC0-301F-11D3-BF4B-00C04F79EFBC}") = "ToDoAPI.DAL", "ToDoAPI.DAL\ToDoAPI.DAL.csproj", "{2126306D-5D94-4086-A92F-76B19E886993}"
EndProject
Project("{FAE04EC0-301F-11D3-BF4B-00C04F79EFBC}") = "ToDoAPI.Model", "ToDoAPI.Model\ToDoAPI.Model.csproj", "{5C77569B-157E-4403-9DD1-0635D4CD0324}"
EndProject
Project("{FAE04EC0-301F-11D3-BF4B-00C04F79EFBC}") = "ToDoAPI.Test", "ToDoAPI.Test\ToDoAPI.Test.csproj", "{A9BE2414-C590-491A-B2E3-17E81D996FA5}"
EndProject
Global
	GlobalSection(SolutionConfigurationPlatforms) = preSolution
		Debug|Any CPU = Debug|Any CPU
		Release|Any CPU = Release|Any CPU
	EndGlobalSection
	GlobalSection(ProjectConfigurationPlatforms) = postSolution
		{C0388D9D-7EA5-4AC5-B909-D87FC587ED23}.Debug|Any CPU.ActiveCfg = Debug|Any CPU
		{C0388D9D-7EA5-4AC5-B909-D87FC587ED23}.Debug|Any CPU.Build.0 = Debug|Any CPU
		{C0388D9D-7EA5-4AC5-B909-D87FC587ED23}.Release|Any CPU.ActiveCfg = Release|Any CPU
		{C0388D9D-7EA5-4AC5-B909-D87FC587ED23}.Release|Any CPU.Build.0 = Release|Any CPU
		{2126306D-5D94-4086-A92F-76B19E886993}.Debug|Any CPU.ActiveCfg = Debug|Any CPU
		{2126306D-5D94-4086-A92F-76B19E886993}.Debug|Any CPU.Build.0 = Debug|Any CPU
		{2126306D-5D94-4086-A92F-76B19E886993}.Release|Any CPU.ActiveCfg = Release|Any CPU
		{2126306D-5D94-4086-A92F-76B19E886993}.Release|Any CPU.Build.0 = Release|Any CPU
		{5C77569B-157E-4403-9DD1-0635D4CD0324}.Debug|Any CPU.ActiveCfg = Debug|Any CPU
		{5C77569B-157E-4403-9DD1-0635D4CD0324}.Debug|Any CPU.Build.0 = Debug|Any CPU
		{5C77569B-157E-4403-9DD1-0635D4CD0324}.Release|Any CPU.ActiveCfg = Release|Any CPU
		{5C77569B-157E-4403-9DD1-0635D4CD0324}.Release|Any CPU.Build.0 = Release|Any CPU
		{A9BE2414-C590-491A-B2E3-17E81D996FA5}.Debug|Any CPU.ActiveCfg = Debug|Any CPU
		{A9BE2414-C590-491A-B2E3-17E81D996FA5}.Debug|Any CPU.Build.0 = Debug|Any CPU
		{A9BE2414-C590-491A-B2E3-17E81D996FA5}.Release|Any CPU.ActiveCfg = Release|Any CPU
		{A9BE2414-C590-491A-B2E3-17E81D996FA5}.Release|Any CPU.Build.0 = Release|Any CPU
	EndGlobalSection
	GlobalSection(SolutionProperties) = preSolution
		HideSolutionNode = FALSE
	EndGlobalSection
	GlobalSection(ExtensibilityGlobals) = postSolution
		SolutionGuid = {CD7893E3-9033-4402-8BC9-80D48D61711C}
	EndGlobalSection
EndGlobal
